
Microsoft Visual Studio Solution File, Format Version 12.00
# Visual Studio Version 17
VisualStudioVersion = 17.3.32929.385
MinimumVisualStudioVersion = 10.0.40219.1
Project("{FAE04EC0-301F-11D3-BF4B-00C04F79EFBC}") = "job_provider", "job_provider.csproj", "{16A5C1C0-8A8F-4A96-8C37-1FF56E909768}"
EndProject
Global
	GlobalSection(SolutionConfigurationPlatforms) = preSolution
		Debug|Any CPU = Debug|Any CPU
		Release|Any CPU = Release|Any CPU
	EndGlobalSection
	GlobalSection(ProjectConfigurationPlatforms) = postSolution
		{16A5C1C0-8A8F-4A96-8C37-1FF56E909768}.Debug|Any CPU.ActiveCfg = Debug|Any CPU
		{16A5C1C0-8A8F-4A96-8C37-1FF56E909768}.Debug|Any CPU.Build.0 = Debug|Any CPU
		{16A5C1C0-8A8F-4A96-8C37-1FF56E909768}.Release|Any CPU.ActiveCfg = Release|Any CPU
		{16A5C1C0-8A8F-4A96-8C37-1FF56E909768}.Release|Any CPU.Build.0 = Release|Any CPU
	EndGlobalSection
	GlobalSection(SolutionProperties) = preSolution
		HideSolutionNode = FALSE
	EndGlobalSection
	GlobalSection(ExtensibilityGlobals) = postSolution
		SolutionGuid = {755EDD56-B0BD-4E6B-BC7C-98E3FB6764D8}
	EndGlobalSection
EndGlobal
